{
  "lockfileVersion": 1,
  "configVersion": 1,
  "workspaces": {
    "": {
      "name": "snapdrop",
      "dependencies": {
        "ua-parser-js": "^0.7.41",
        "unique-names-generator": "^4.7.1",
        "ws": "^7.5.10",
      },
    },
  },
  "packages": {
    "ua-parser-js": ["ua-parser-js@0.7.41", "", { "bin": { "ua-parser-js": "script/cli.js" } }, "sha512-O3oYyCMPYgNNHuO7Jjk3uacJWZF8loBgwrfd/5LE/HyZ3lUIOdniQ7DNXJcIgZbwioZxk0fLfI4EVnetdiX5jg=="],

    "unique-names-generator": ["unique-names-generator@4.7.1", "", {}, "sha512-lMx9dX+KRmG8sq6gulYYpKWZc9RlGsgBR6aoO8Qsm3qvkSJ+3rAymr+TnV8EDMrIrwuFJ4kruzMWM/OpYzPoow=="],

    "ws": ["ws@7.5.10", "", { "peerDependencies": { "bufferutil": "^4.0.1", "utf-8-validate": "^5.0.2" }, "optionalPeers": ["bufferutil", "utf-8-validate"] }, "sha512-+dbF1tHwZpXcbOJdVOkzLDxZP1ailvSxM6ZweXTegylPny803bFhA+vqBYw4s31NSAk4S2Qz+AKXK9a4wkdjcQ=="],
  }
}
